
Microsoft Visual Studio Solution File, Format Version 12.00
# Visual Studio Version 17
VisualStudioVersion = 17.1.32210.238
MinimumVisualStudioVersion = 10.0.40219.1
Project("{8BC9CEB8-8B4A-11D0-8D11-00A0C91BC942}") = "list_by_vector", "list_by_vector\list_by_vector.vcxproj", "{A3FB3B75-4856-4A4B-A540-B1851D2D6888}"
EndProject
Project("{8BC9CEB8-8B4A-11D0-8D11-00A0C91BC942}") = "list_by_linkedlist", "list_by_linkedlist\list_by_linkedlist.vcxproj", "{DECF4496-337C-429A-95E0-668DD4DB832F}"
EndProject
Project("{8BC9CEB8-8B4A-11D0-8D11-00A0C91BC942}") = "代码1.1冒泡排序", "Project1\Project1.vcxproj", "{DADB9121-48FC-4A2B-8EB1-5E6479EBA021}"
EndProject
Project("{8BC9CEB8-8B4A-11D0-8D11-00A0C91BC942}") = "代码1.2二进制1的个数", "CountOnes\CountOnes.vcxproj", "{43D65175-E233-4AF7-B944-D6085EC8094A}"
EndProject
Project("{8BC9CEB8-8B4A-11D0-8D11-00A0C91BC942}") = "代码1.5数组求和（递归版）", "递归法求解数组求和问题\递归法求解数组求和问题.vcxproj", "{50DAEAD1-75F2-43A5-8BE5-37CDDB79B005}"
EndProject
Project("{8BC9CEB8-8B4A-11D0-8D11-00A0C91BC942}") = "代码1.7数组倒置（递归版）", "数组倒置（递归版）\数组倒置（递归版）.vcxproj", "{626CB56E-D070-4827-A7DC-047D44FB10CE}"
EndProject
Project("{8BC9CEB8-8B4A-11D0-8D11-00A0C91BC942}") = "斐波那契通项（递归版）", "斐波那契通项（递归版）\斐波那契通项（递归版）.vcxproj", "{32B9FC58-67CB-45AA-B9DC-F3F2423D9248}"
EndProject
Project("{8BC9CEB8-8B4A-11D0-8D11-00A0C91BC942}") = "斐波那契通项（迭代版）", "斐波那契通项（迭代版）\斐波那契通项（迭代版）.vcxproj", "{DFE04C95-A8A0-499F-BB31-4EB0754CDCBB}"
EndProject
Project("{8BC9CEB8-8B4A-11D0-8D11-00A0C91BC942}") = "二进制1的个数-正比于1的实际数目", "二进制1的个数-正比于1的实际数目\二进制1的个数-正比于1的实际数目.vcxproj", "{73B574C8-5C1D-4918-ACEB-F7881C2C735F}"
EndProject
Project("{8BC9CEB8-8B4A-11D0-8D11-00A0C91BC942}") = "二进制1的个数-对数于整型位宽", "二进制1的个数-对数于整型位宽\二进制1的个数-对数于整型位宽.vcxproj", "{666E3ED8-F408-4FF5-AE16-31837DDDCBCA}"
EndProject
Project("{8BC9CEB8-8B4A-11D0-8D11-00A0C91BC942}") = "代码1.82的幂", "2的幂\2的幂.vcxproj", "{C5A9027F-5692-44D1-898B-2BBA28FD8628}"
EndProject
Project("{8BC9CEB8-8B4A-11D0-8D11-00A0C91BC942}") = "代码1.42的幂（迭代版）", "2的幂（迭代版）\2的幂（迭代版）.vcxproj", "{F5EAFD79-92C6-4479-87B2-1F3D49D327D0}"
EndProject
Project("{8BC9CEB8-8B4A-11D0-8D11-00A0C91BC942}") = "数组求和（二分递归）", "数组求和（二分递归）\数组求和（二分递归）.vcxproj", "{2D0AC6B0-1DF8-403D-868C-94AF04500AB9}"
EndProject
Project("{8BC9CEB8-8B4A-11D0-8D11-00A0C91BC942}") = "vector", "vector\vector.vcxproj", "{3C48FB59-DCF1-41BC-9C0E-901860C853A9}"
EndProject
Project("{8BC9CEB8-8B4A-11D0-8D11-00A0C91BC942}") = "Project2", "Project2\Project2.vcxproj", "{4262FB56-5020-4E02-9EC8-2BCD7FC07A7B}"
EndProject
Project("{8BC9CEB8-8B4A-11D0-8D11-00A0C91BC942}") = "Project3", "Project3\Project3.vcxproj", "{C4C7C4B7-E900-4473-A910-E33F90EEBF3A}"
EndProject
Global
	GlobalSection(SolutionConfigurationPlatforms) = preSolution
		Debug|x64 = Debug|x64
		Debug|x86 = Debug|x86
		Release|x64 = Release|x64
		Release|x86 = Release|x86
	EndGlobalSection
	GlobalSection(ProjectConfigurationPlatforms) = postSolution
		{A3FB3B75-4856-4A4B-A540-B1851D2D6888}.Debug|x64.ActiveCfg = Debug|x64
		{A3FB3B75-4856-4A4B-A540-B1851D2D6888}.Debug|x64.Build.0 = Debug|x64
		{A3FB3B75-4856-4A4B-A540-B1851D2D6888}.Debug|x86.ActiveCfg = Debug|Win32
		{A3FB3B75-4856-4A4B-A540-B1851D2D6888}.Debug|x86.Build.0 = Debug|Win32
		{A3FB3B75-4856-4A4B-A540-B1851D2D6888}.Release|x64.ActiveCfg = Release|x64
		{A3FB3B75-4856-4A4B-A540-B1851D2D6888}.Release|x64.Build.0 = Release|x64
		{A3FB3B75-4856-4A4B-A540-B1851D2D6888}.Release|x86.ActiveCfg = Release|Win32
		{A3FB3B75-4856-4A4B-A540-B1851D2D6888}.Release|x86.Build.0 = Release|Win32
		{DECF4496-337C-429A-95E0-668DD4DB832F}.Debug|x64.ActiveCfg = Debug|x64
		{DECF4496-337C-429A-95E0-668DD4DB832F}.Debug|x64.Build.0 = Debug|x64
		{DECF4496-337C-429A-95E0-668DD4DB832F}.Debug|x86.ActiveCfg = Debug|Win32
		{DECF4496-337C-429A-95E0-668DD4DB832F}.Debug|x86.Build.0 = Debug|Win32
		{DECF4496-337C-429A-95E0-668DD4DB832F}.Release|x64.ActiveCfg = Release|x64
		{DECF4496-337C-429A-95E0-668DD4DB832F}.Release|x64.Build.0 = Release|x64
		{DECF4496-337C-429A-95E0-668DD4DB832F}.Release|x86.ActiveCfg = Release|Win32
		{DECF4496-337C-429A-95E0-668DD4DB832F}.Release|x86.Build.0 = Release|Win32
		{DADB9121-48FC-4A2B-8EB1-5E6479EBA021}.Debug|x64.ActiveCfg = Debug|x64
		{DADB9121-48FC-4A2B-8EB1-5E6479EBA021}.Debug|x64.Build.0 = Debug|x64
		{DADB9121-48FC-4A2B-8EB1-5E6479EBA021}.Debug|x86.ActiveCfg = Debug|Win32
		{DADB9121-48FC-4A2B-8EB1-5E6479EBA021}.Debug|x86.Build.0 = Debug|Win32
		{DADB9121-48FC-4A2B-8EB1-5E6479EBA021}.Release|x64.ActiveCfg = Release|x64
		{DADB9121-48FC-4A2B-8EB1-5E6479EBA021}.Release|x64.Build.0 = Release|x64
		{DADB9121-48FC-4A2B-8EB1-5E6479EBA021}.Release|x86.ActiveCfg = Release|Win32
		{DADB9121-48FC-4A2B-8EB1-5E6479EBA021}.Release|x86.Build.0 = Release|Win32
		{43D65175-E233-4AF7-B944-D6085EC8094A}.Debug|x64.ActiveCfg = Debug|x64
		{43D65175-E233-4AF7-B944-D6085EC8094A}.Debug|x64.Build.0 = Debug|x64
		{43D65175-E233-4AF7-B944-D6085EC8094A}.Debug|x86.ActiveCfg = Debug|Win32
		{43D65175-E233-4AF7-B944-D6085EC8094A}.Debug|x86.Build.0 = Debug|Win32
		{43D65175-E233-4AF7-B944-D6085EC8094A}.Release|x64.ActiveCfg = Release|x64
		{43D65175-E233-4AF7-B944-D6085EC8094A}.Release|x64.Build.0 = Release|x64
		{43D65175-E233-4AF7-B944-D6085EC8094A}.Release|x86.ActiveCfg = Release|Win32
		{43D65175-E233-4AF7-B944-D6085EC8094A}.Release|x86.Build.0 = Release|Win32
		{50DAEAD1-75F2-43A5-8BE5-37CDDB79B005}.Debug|x64.ActiveCfg = Debug|x64
		{50DAEAD1-75F2-43A5-8BE5-37CDDB79B005}.Debug|x64.Build.0 = Debug|x64
		{50DAEAD1-75F2-43A5-8BE5-37CDDB79B005}.Debug|x86.ActiveCfg = Debug|Win32
		{50DAEAD1-75F2-43A5-8BE5-37CDDB79B005}.Debug|x86.Build.0 = Debug|Win32
		{50DAEAD1-75F2-43A5-8BE5-37CDDB79B005}.Release|x64.ActiveCfg = Release|x64
		{50DAEAD1-75F2-43A5-8BE5-37CDDB79B005}.Release|x64.Build.0 = Release|x64
		{50DAEAD1-75F2-43A5-8BE5-37CDDB79B005}.Release|x86.ActiveCfg = Release|Win32
		{50DAEAD1-75F2-43A5-8BE5-37CDDB79B005}.Release|x86.Build.0 = Release|Win32
		{626CB56E-D070-4827-A7DC-047D44FB10CE}.Debug|x64.ActiveCfg = Debug|x64
		{626CB56E-D070-4827-A7DC-047D44FB10CE}.Debug|x64.Build.0 = Debug|x64
		{626CB56E-D070-4827-A7DC-047D44FB10CE}.Debug|x86.ActiveCfg = Debug|Win32
		{626CB56E-D070-4827-A7DC-047D44FB10CE}.Debug|x86.Build.0 = Debug|Win32
		{626CB56E-D070-4827-A7DC-047D44FB10CE}.Release|x64.ActiveCfg = Release|x64
		{626CB56E-D070-4827-A7DC-047D44FB10CE}.Release|x64.Build.0 = Release|x64
		{626CB56E-D070-4827-A7DC-047D44FB10CE}.Release|x86.ActiveCfg = Release|Win32
		{626CB56E-D070-4827-A7DC-047D44FB10CE}.Release|x86.Build.0 = Release|Win32
		{32B9FC58-67CB-45AA-B9DC-F3F2423D9248}.Debug|x64.ActiveCfg = Debug|x64
		{32B9FC58-67CB-45AA-B9DC-F3F2423D9248}.Debug|x64.Build.0 = Debug|x64
		{32B9FC58-67CB-45AA-B9DC-F3F2423D9248}.Debug|x86.ActiveCfg = Debug|Win32
		{32B9FC58-67CB-45AA-B9DC-F3F2423D9248}.Debug|x86.Build.0 = Debug|Win32
		{32B9FC58-67CB-45AA-B9DC-F3F2423D9248}.Release|x64.ActiveCfg = Release|x64
		{32B9FC58-67CB-45AA-B9DC-F3F2423D9248}.Release|x64.Build.0 = Release|x64
		{32B9FC58-67CB-45AA-B9DC-F3F2423D9248}.Release|x86.ActiveCfg = Release|Win32
		{32B9FC58-67CB-45AA-B9DC-F3F2423D9248}.Release|x86.Build.0 = Release|Win32
		{DFE04C95-A8A0-499F-BB31-4EB0754CDCBB}.Debug|x64.ActiveCfg = Debug|x64
		{DFE04C95-A8A0-499F-BB31-4EB0754CDCBB}.Debug|x64.Build.0 = Debug|x64
		{DFE04C95-A8A0-499F-BB31-4EB0754CDCBB}.Debug|x86.ActiveCfg = Debug|Win32
		{DFE04C95-A8A0-499F-BB31-4EB0754CDCBB}.Debug|x86.Build.0 = Debug|Win32
		{DFE04C95-A8A0-499F-BB31-4EB0754CDCBB}.Release|x64.ActiveCfg = Release|x64
		{DFE04C95-A8A0-499F-BB31-4EB0754CDCBB}.Release|x64.Build.0 = Release|x64
		{DFE04C95-A8A0-499F-BB31-4EB0754CDCBB}.Release|x86.ActiveCfg = Release|Win32
		{DFE04C95-A8A0-499F-BB31-4EB0754CDCBB}.Release|x86.Build.0 = Release|Win32
		{73B574C8-5C1D-4918-ACEB-F7881C2C735F}.Debug|x64.ActiveCfg = Debug|x64
		{73B574C8-5C1D-4918-ACEB-F7881C2C735F}.Debug|x64.Build.0 = Debug|x64
		{73B574C8-5C1D-4918-ACEB-F7881C2C735F}.Debug|x86.ActiveCfg = Debug|Win32
		{73B574C8-5C1D-4918-ACEB-F7881C2C735F}.Debug|x86.Build.0 = Debug|Win32
		{73B574C8-5C1D-4918-ACEB-F7881C2C735F}.Release|x64.ActiveCfg = Release|x64
		{73B574C8-5C1D-4918-ACEB-F7881C2C735F}.Release|x64.Build.0 = Release|x64
		{73B574C8-5C1D-4918-ACEB-F7881C2C735F}.Release|x86.ActiveCfg = Release|Win32
		{73B574C8-5C1D-4918-ACEB-F7881C2C735F}.Release|x86.Build.0 = Release|Win32
		{666E3ED8-F408-4FF5-AE16-31837DDDCBCA}.Debug|x64.ActiveCfg = Debug|x64
		{666E3ED8-F408-4FF5-AE16-31837DDDCBCA}.Debug|x64.Build.0 = Debug|x64
		{666E3ED8-F408-4FF5-AE16-31837DDDCBCA}.Debug|x86.ActiveCfg = Debug|Win32
		{666E3ED8-F408-4FF5-AE16-31837DDDCBCA}.Debug|x86.Build.0 = Debug|Win32
		{666E3ED8-F408-4FF5-AE16-31837DDDCBCA}.Release|x64.ActiveCfg = Release|x64
		{666E3ED8-F408-4FF5-AE16-31837DDDCBCA}.Release|x64.Build.0 = Release|x64
		{666E3ED8-F408-4FF5-AE16-31837DDDCBCA}.Release|x86.ActiveCfg = Release|Win32
		{666E3ED8-F408-4FF5-AE16-31837DDDCBCA}.Release|x86.Build.0 = Release|Win32
		{C5A9027F-5692-44D1-898B-2BBA28FD8628}.Debug|x64.ActiveCfg = Debug|x64
		{C5A9027F-5692-44D1-898B-2BBA28FD8628}.Debug|x64.Build.0 = Debug|x64
		{C5A9027F-5692-44D1-898B-2BBA28FD8628}.Debug|x86.ActiveCfg = Debug|Win32
		{C5A9027F-5692-44D1-898B-2BBA28FD8628}.Debug|x86.Build.0 = Debug|Win32
		{C5A9027F-5692-44D1-898B-2BBA28FD8628}.Release|x64.ActiveCfg = Release|x64
		{C5A9027F-5692-44D1-898B-2BBA28FD8628}.Release|x64.Build.0 = Release|x64
		{C5A9027F-5692-44D1-898B-2BBA28FD8628}.Release|x86.ActiveCfg = Release|Win32
		{C5A9027F-5692-44D1-898B-2BBA28FD8628}.Release|x86.Build.0 = Release|Win32
		{F5EAFD79-92C6-4479-87B2-1F3D49D327D0}.Debug|x64.ActiveCfg = Debug|x64
		{F5EAFD79-92C6-4479-87B2-1F3D49D327D0}.Debug|x64.Build.0 = Debug|x64
		{F5EAFD79-92C6-4479-87B2-1F3D49D327D0}.Debug|x86.ActiveCfg = Debug|Win32
		{F5EAFD79-92C6-4479-87B2-1F3D49D327D0}.Debug|x86.Build.0 = Debug|Win32
		{F5EAFD79-92C6-4479-87B2-1F3D49D327D0}.Release|x64.ActiveCfg = Release|x64
		{F5EAFD79-92C6-4479-87B2-1F3D49D327D0}.Release|x64.Build.0 = Release|x64
		{F5EAFD79-92C6-4479-87B2-1F3D49D327D0}.Release|x86.ActiveCfg = Release|Win32
		{F5EAFD79-92C6-4479-87B2-1F3D49D327D0}.Release|x86.Build.0 = Release|Win32
		{2D0AC6B0-1DF8-403D-868C-94AF04500AB9}.Debug|x64.ActiveCfg = Debug|x64
		{2D0AC6B0-1DF8-403D-868C-94AF04500AB9}.Debug|x64.Build.0 = Debug|x64
		{2D0AC6B0-1DF8-403D-868C-94AF04500AB9}.Debug|x86.ActiveCfg = Debug|Win32
		{2D0AC6B0-1DF8-403D-868C-94AF04500AB9}.Debug|x86.Build.0 = Debug|Win32
		{2D0AC6B0-1DF8-403D-868C-94AF04500AB9}.Release|x64.ActiveCfg = Release|x64
		{2D0AC6B0-1DF8-403D-868C-94AF04500AB9}.Release|x64.Build.0 = Release|x64
		{2D0AC6B0-1DF8-403D-868C-94AF04500AB9}.Release|x86.ActiveCfg = Release|Win32
		{2D0AC6B0-1DF8-403D-868C-94AF04500AB9}.Release|x86.Build.0 = Release|Win32
		{3C48FB59-DCF1-41BC-9C0E-901860C853A9}.Debug|x64.ActiveCfg = Debug|x64
		{3C48FB59-DCF1-41BC-9C0E-901860C853A9}.Debug|x64.Build.0 = Debug|x64
		{3C48FB59-DCF1-41BC-9C0E-901860C853A9}.Debug|x86.ActiveCfg = Debug|Win32
		{3C48FB59-DCF1-41BC-9C0E-901860C853A9}.Debug|x86.Build.0 = Debug|Win32
		{3C48FB59-DCF1-41BC-9C0E-901860C853A9}.Release|x64.ActiveCfg = Release|x64
		{3C48FB59-DCF1-41BC-9C0E-901860C853A9}.Release|x64.Build.0 = Release|x64
		{3C48FB59-DCF1-41BC-9C0E-901860C853A9}.Release|x86.ActiveCfg = Release|Win32
		{3C48FB59-DCF1-41BC-9C0E-901860C853A9}.Release|x86.Build.0 = Release|Win32
		{4262FB56-5020-4E02-9EC8-2BCD7FC07A7B}.Debug|x64.ActiveCfg = Debug|x64
		{4262FB56-5020-4E02-9EC8-2BCD7FC07A7B}.Debug|x64.Build.0 = Debug|x64
		{4262FB56-5020-4E02-9EC8-2BCD7FC07A7B}.Debug|x86.ActiveCfg = Debug|Win32
		{4262FB56-5020-4E02-9EC8-2BCD7FC07A7B}.Debug|x86.Build.0 = Debug|Win32
		{4262FB56-5020-4E02-9EC8-2BCD7FC07A7B}.Release|x64.ActiveCfg = Release|x64
		{4262FB56-5020-4E02-9EC8-2BCD7FC07A7B}.Release|x64.Build.0 = Release|x64
		{4262FB56-5020-4E02-9EC8-2BCD7FC07A7B}.Release|x86.ActiveCfg = Release|Win32
		{4262FB56-5020-4E02-9EC8-2BCD7FC07A7B}.Release|x86.Build.0 = Release|Win32
		{C4C7C4B7-E900-4473-A910-E33F90EEBF3A}.Debug|x64.ActiveCfg = Debug|x64
		{C4C7C4B7-E900-4473-A910-E33F90EEBF3A}.Debug|x64.Build.0 = Debug|x64
		{C4C7C4B7-E900-4473-A910-E33F90EEBF3A}.Debug|x86.ActiveCfg = Debug|Win32
		{C4C7C4B7-E900-4473-A910-E33F90EEBF3A}.Debug|x86.Build.0 = Debug|Win32
		{C4C7C4B7-E900-4473-A910-E33F90EEBF3A}.Release|x64.ActiveCfg = Release|x64
		{C4C7C4B7-E900-4473-A910-E33F90EEBF3A}.Release|x64.Build.0 = Release|x64
		{C4C7C4B7-E900-4473-A910-E33F90EEBF3A}.Release|x86.ActiveCfg = Release|Win32
		{C4C7C4B7-E900-4473-A910-E33F90EEBF3A}.Release|x86.Build.0 = Release|Win32
	EndGlobalSection
	GlobalSection(SolutionProperties) = preSolution
		HideSolutionNode = FALSE
	EndGlobalSection
	GlobalSection(ExtensibilityGlobals) = postSolution
		SolutionGuid = {DF414707-6786-4043-9C97-4D6543BBCA78}
	EndGlobalSection
EndGlobal
